
Microsoft Visual Studio Solution File, Format Version 12.00
# Visual Studio Version 17
VisualStudioVersion = 17.2.32616.157
MinimumVisualStudioVersion = 10.0.40219.1
Project("{FAE04EC0-301F-11D3-BF4B-00C04F79EFBC}") = "FaceAnalyse", "FaceAnalyse\FaceAnalyse.csproj", "{1B390E3A-A3B5-4519-AB4E-E0B228E959F8}"
EndProject
Project("{FAE04EC0-301F-11D3-BF4B-00C04F79EFBC}") = "OpenGL.Net.Math_net461", "..\OpenGL.Net.Math_net461\OpenGL.Net.Math_net461.csproj", "{05DFBC0C-AFBC-4ED0-BF43-80D7BB4E8DFD}"
EndProject
Global
	GlobalSection(SolutionConfigurationPlatforms) = preSolution
		Debug|Any CPU = Debug|Any CPU
		Debug|x64 = Debug|x64
		Debug|x86 = Debug|x86
		Release|Any CPU = Release|Any CPU
		Release|x64 = Release|x64
		Release|x86 = Release|x86
	EndGlobalSection
	GlobalSection(ProjectConfigurationPlatforms) = postSolution
		{1B390E3A-A3B5-4519-AB4E-E0B228E959F8}.Debug|Any CPU.ActiveCfg = Debug|Any CPU
		{1B390E3A-A3B5-4519-AB4E-E0B228E959F8}.Debug|Any CPU.Build.0 = Debug|Any CPU
		{1B390E3A-A3B5-4519-AB4E-E0B228E959F8}.Debug|x64.ActiveCfg = Debug|x64
		{1B390E3A-A3B5-4519-AB4E-E0B228E959F8}.Debug|x64.Build.0 = Debug|x64
		{1B390E3A-A3B5-4519-AB4E-E0B228E959F8}.Debug|x86.ActiveCfg = Debug|x86
		{1B390E3A-A3B5-4519-AB4E-E0B228E959F8}.Debug|x86.Build.0 = Debug|x86
		{1B390E3A-A3B5-4519-AB4E-E0B228E959F8}.Release|Any CPU.ActiveCfg = Release|Any CPU
		{1B390E3A-A3B5-4519-AB4E-E0B228E959F8}.Release|Any CPU.Build.0 = Release|Any CPU
		{1B390E3A-A3B5-4519-AB4E-E0B228E959F8}.Release|x64.ActiveCfg = Release|x64
		{1B390E3A-A3B5-4519-AB4E-E0B228E959F8}.Release|x64.Build.0 = Release|x64
		{1B390E3A-A3B5-4519-AB4E-E0B228E959F8}.Release|x86.ActiveCfg = Release|x86
		{1B390E3A-A3B5-4519-AB4E-E0B228E959F8}.Release|x86.Build.0 = Release|x86
		{05DFBC0C-AFBC-4ED0-BF43-80D7BB4E8DFD}.Debug|Any CPU.ActiveCfg = Debug|Any CPU
		{05DFBC0C-AFBC-4ED0-BF43-80D7BB4E8DFD}.Debug|Any CPU.Build.0 = Debug|Any CPU
		{05DFBC0C-AFBC-4ED0-BF43-80D7BB4E8DFD}.Debug|x64.ActiveCfg = Debug|x64
		{05DFBC0C-AFBC-4ED0-BF43-80D7BB4E8DFD}.Debug|x64.Build.0 = Debug|x64
		{05DFBC0C-AFBC-4ED0-BF43-80D7BB4E8DFD}.Debug|x86.ActiveCfg = Debug|x86
		{05DFBC0C-AFBC-4ED0-BF43-80D7BB4E8DFD}.Debug|x86.Build.0 = Debug|x86
		{05DFBC0C-AFBC-4ED0-BF43-80D7BB4E8DFD}.Release|Any CPU.ActiveCfg = Release|Any CPU
		{05DFBC0C-AFBC-4ED0-BF43-80D7BB4E8DFD}.Release|Any CPU.Build.0 = Release|Any CPU
		{05DFBC0C-AFBC-4ED0-BF43-80D7BB4E8DFD}.Release|x64.ActiveCfg = Release|x64
		{05DFBC0C-AFBC-4ED0-BF43-80D7BB4E8DFD}.Release|x64.Build.0 = Release|x64
		{05DFBC0C-AFBC-4ED0-BF43-80D7BB4E8DFD}.Release|x86.ActiveCfg = Release|x86
		{05DFBC0C-AFBC-4ED0-BF43-80D7BB4E8DFD}.Release|x86.Build.0 = Release|x86
	EndGlobalSection
	GlobalSection(SolutionProperties) = preSolution
		HideSolutionNode = FALSE
	EndGlobalSection
	GlobalSection(ExtensibilityGlobals) = postSolution
		SolutionGuid = {21E8DB77-E402-4D66-998A-5C779444EF83}
	EndGlobalSection
EndGlobal
