
Microsoft Visual Studio Solution File, Format Version 12.00
# Visual Studio Version 16
VisualStudioVersion = 16.0.32228.343
MinimumVisualStudioVersion = 10.0.40219.1
Project("{FAE04EC0-301F-11D3-BF4B-00C04F79EFBC}") = "FaceAnalyse", "FaceAnalyse\FaceAnalyse.csproj", "{1B390E3A-A3B5-4519-AB4E-E0B228E959F8}"
	ProjectSection(ProjectDependencies) = postProject
		{01314A39-AE2A-44F6-BA14-8C961583C75C} = {01314A39-AE2A-44F6-BA14-8C961583C75C}
		{9E3018F3-770E-4CFD-87D0-BAEE66E9FE8F} = {9E3018F3-770E-4CFD-87D0-BAEE66E9FE8F}
	EndProjectSection
EndProject
Project("{FAE04EC0-301F-11D3-BF4B-00C04F79EFBC}") = "OpenGL.Net_net461", "..\OpenGL.Net-master\OpenGL.Net\OpenGL.Net_net461.csproj", "{9E3018F3-770E-4CFD-87D0-BAEE66E9FE8F}"
EndProject
Project("{FAE04EC0-301F-11D3-BF4B-00C04F79EFBC}") = "OpenGL.Net.Objects_net461", "..\OpenGL.Net-master\OpenGL.Net.Objects\OpenGL.Net.Objects_net461.csproj", "{01314A39-AE2A-44F6-BA14-8C961583C75C}"
EndProject
Project("{FAE04EC0-301F-11D3-BF4B-00C04F79EFBC}") = "OpenGL.Net.GTK3_net461", "..\OpenGL.Net-master\OpenGL.Net.GTK3\OpenGL.Net.GTK3_net461.csproj", "{1EDC57AC-6E7A-43E6-9481-5354F37FA6F7}"
EndProject
Project("{FAE04EC0-301F-11D3-BF4B-00C04F79EFBC}") = "OpenGL.Net.WinForms_net461", "..\OpenGL.Net-master\OpenGL.Net.WinForms\OpenGL.Net.WinForms_net461.csproj", "{1DA7D767-B83A-416E-A235-2EBE0FBE1769}"
EndProject
Project("{FAE04EC0-301F-11D3-BF4B-00C04F79EFBC}") = "OpenGL.Net.Math_net461", "..\OpenGL.Net-master\OpenGL.Net\OpenGL.Net.Math_net461.csproj", "{05DFBC0C-AFBC-4ED0-BF43-80D7BB4E8DFD}"
EndProject
Global
	GlobalSection(SharedMSBuildProjectFiles) = preSolution
		..\OpenGL.Net-master\Khronos.Net\Khronos.Net.projitems*{9e3018f3-770e-4cfd-87d0-baee66e9fe8f}*SharedItemsImports = 4
	EndGlobalSection
	GlobalSection(SolutionConfigurationPlatforms) = preSolution
		Debug|Any CPU = Debug|Any CPU
		Debug|x64 = Debug|x64
		Debug|x86 = Debug|x86
		Release|Any CPU = Release|Any CPU
		Release|x64 = Release|x64
		Release|x86 = Release|x86
	EndGlobalSection
	GlobalSection(ProjectConfigurationPlatforms) = postSolution
		{1B390E3A-A3B5-4519-AB4E-E0B228E959F8}.Debug|Any CPU.ActiveCfg = Debug|Any CPU
		{1B390E3A-A3B5-4519-AB4E-E0B228E959F8}.Debug|Any CPU.Build.0 = Debug|Any CPU
		{1B390E3A-A3B5-4519-AB4E-E0B228E959F8}.Debug|x64.ActiveCfg = Debug|x64
		{1B390E3A-A3B5-4519-AB4E-E0B228E959F8}.Debug|x64.Build.0 = Debug|x64
		{1B390E3A-A3B5-4519-AB4E-E0B228E959F8}.Debug|x86.ActiveCfg = Debug|x86
		{1B390E3A-A3B5-4519-AB4E-E0B228E959F8}.Debug|x86.Build.0 = Debug|x86
		{1B390E3A-A3B5-4519-AB4E-E0B228E959F8}.Release|Any CPU.ActiveCfg = Release|Any CPU
		{1B390E3A-A3B5-4519-AB4E-E0B228E959F8}.Release|Any CPU.Build.0 = Release|Any CPU
		{1B390E3A-A3B5-4519-AB4E-E0B228E959F8}.Release|x64.ActiveCfg = Release|x64
		{1B390E3A-A3B5-4519-AB4E-E0B228E959F8}.Release|x64.Build.0 = Release|x64
		{1B390E3A-A3B5-4519-AB4E-E0B228E959F8}.Release|x86.ActiveCfg = Release|x86
		{1B390E3A-A3B5-4519-AB4E-E0B228E959F8}.Release|x86.Build.0 = Release|x86
		{9E3018F3-770E-4CFD-87D0-BAEE66E9FE8F}.Debug|Any CPU.ActiveCfg = Debug|Any CPU
		{9E3018F3-770E-4CFD-87D0-BAEE66E9FE8F}.Debug|Any CPU.Build.0 = Debug|Any CPU
		{9E3018F3-770E-4CFD-87D0-BAEE66E9FE8F}.Debug|x64.ActiveCfg = Debug|x64
		{9E3018F3-770E-4CFD-87D0-BAEE66E9FE8F}.Debug|x64.Build.0 = Debug|x64
		{9E3018F3-770E-4CFD-87D0-BAEE66E9FE8F}.Debug|x86.ActiveCfg = Debug|x86
		{9E3018F3-770E-4CFD-87D0-BAEE66E9FE8F}.Debug|x86.Build.0 = Debug|x86
		{9E3018F3-770E-4CFD-87D0-BAEE66E9FE8F}.Release|Any CPU.ActiveCfg = Release|Any CPU
		{9E3018F3-770E-4CFD-87D0-BAEE66E9FE8F}.Release|Any CPU.Build.0 = Release|Any CPU
		{9E3018F3-770E-4CFD-87D0-BAEE66E9FE8F}.Release|x64.ActiveCfg = Release|x64
		{9E3018F3-770E-4CFD-87D0-BAEE66E9FE8F}.Release|x64.Build.0 = Release|x64
		{9E3018F3-770E-4CFD-87D0-BAEE66E9FE8F}.Release|x86.ActiveCfg = Release|x86
		{9E3018F3-770E-4CFD-87D0-BAEE66E9FE8F}.Release|x86.Build.0 = Release|x86
		{01314A39-AE2A-44F6-BA14-8C961583C75C}.Debug|Any CPU.ActiveCfg = Debug|Any CPU
		{01314A39-AE2A-44F6-BA14-8C961583C75C}.Debug|Any CPU.Build.0 = Debug|Any CPU
		{01314A39-AE2A-44F6-BA14-8C961583C75C}.Debug|x64.ActiveCfg = Debug|x64
		{01314A39-AE2A-44F6-BA14-8C961583C75C}.Debug|x64.Build.0 = Debug|x64
		{01314A39-AE2A-44F6-BA14-8C961583C75C}.Debug|x86.ActiveCfg = Debug|x86
		{01314A39-AE2A-44F6-BA14-8C961583C75C}.Debug|x86.Build.0 = Debug|x86
		{01314A39-AE2A-44F6-BA14-8C961583C75C}.Release|Any CPU.ActiveCfg = Release|Any CPU
		{01314A39-AE2A-44F6-BA14-8C961583C75C}.Release|Any CPU.Build.0 = Release|Any CPU
		{01314A39-AE2A-44F6-BA14-8C961583C75C}.Release|x64.ActiveCfg = Release|x64
		{01314A39-AE2A-44F6-BA14-8C961583C75C}.Release|x64.Build.0 = Release|x64
		{01314A39-AE2A-44F6-BA14-8C961583C75C}.Release|x86.ActiveCfg = Release|x86
		{01314A39-AE2A-44F6-BA14-8C961583C75C}.Release|x86.Build.0 = Release|x86
		{1EDC57AC-6E7A-43E6-9481-5354F37FA6F7}.Debug|Any CPU.ActiveCfg = Debug|Any CPU
		{1EDC57AC-6E7A-43E6-9481-5354F37FA6F7}.Debug|Any CPU.Build.0 = Debug|Any CPU
		{1EDC57AC-6E7A-43E6-9481-5354F37FA6F7}.Debug|x64.ActiveCfg = Debug|x64
		{1EDC57AC-6E7A-43E6-9481-5354F37FA6F7}.Debug|x64.Build.0 = Debug|x64
		{1EDC57AC-6E7A-43E6-9481-5354F37FA6F7}.Debug|x86.ActiveCfg = Debug|x86
		{1EDC57AC-6E7A-43E6-9481-5354F37FA6F7}.Debug|x86.Build.0 = Debug|x86
		{1EDC57AC-6E7A-43E6-9481-5354F37FA6F7}.Release|Any CPU.ActiveCfg = Release|Any CPU
		{1EDC57AC-6E7A-43E6-9481-5354F37FA6F7}.Release|Any CPU.Build.0 = Release|Any CPU
		{1EDC57AC-6E7A-43E6-9481-5354F37FA6F7}.Release|x64.ActiveCfg = Release|x64
		{1EDC57AC-6E7A-43E6-9481-5354F37FA6F7}.Release|x64.Build.0 = Release|x64
		{1EDC57AC-6E7A-43E6-9481-5354F37FA6F7}.Release|x86.ActiveCfg = Release|x86
		{1EDC57AC-6E7A-43E6-9481-5354F37FA6F7}.Release|x86.Build.0 = Release|x86
		{1DA7D767-B83A-416E-A235-2EBE0FBE1769}.Debug|Any CPU.ActiveCfg = Debug|Any CPU
		{1DA7D767-B83A-416E-A235-2EBE0FBE1769}.Debug|Any CPU.Build.0 = Debug|Any CPU
		{1DA7D767-B83A-416E-A235-2EBE0FBE1769}.Debug|x64.ActiveCfg = Debug|x64
		{1DA7D767-B83A-416E-A235-2EBE0FBE1769}.Debug|x64.Build.0 = Debug|x64
		{1DA7D767-B83A-416E-A235-2EBE0FBE1769}.Debug|x86.ActiveCfg = Debug|x86
		{1DA7D767-B83A-416E-A235-2EBE0FBE1769}.Debug|x86.Build.0 = Debug|x86
		{1DA7D767-B83A-416E-A235-2EBE0FBE1769}.Release|Any CPU.ActiveCfg = Release|Any CPU
		{1DA7D767-B83A-416E-A235-2EBE0FBE1769}.Release|Any CPU.Build.0 = Release|Any CPU
		{1DA7D767-B83A-416E-A235-2EBE0FBE1769}.Release|x64.ActiveCfg = Release|x64
		{1DA7D767-B83A-416E-A235-2EBE0FBE1769}.Release|x64.Build.0 = Release|x64
		{1DA7D767-B83A-416E-A235-2EBE0FBE1769}.Release|x86.ActiveCfg = Release|x86
		{1DA7D767-B83A-416E-A235-2EBE0FBE1769}.Release|x86.Build.0 = Release|x86
		{05DFBC0C-AFBC-4ED0-BF43-80D7BB4E8DFD}.Debug|Any CPU.ActiveCfg = Debug|Any CPU
		{05DFBC0C-AFBC-4ED0-BF43-80D7BB4E8DFD}.Debug|Any CPU.Build.0 = Debug|Any CPU
		{05DFBC0C-AFBC-4ED0-BF43-80D7BB4E8DFD}.Debug|x64.ActiveCfg = Debug|x64
		{05DFBC0C-AFBC-4ED0-BF43-80D7BB4E8DFD}.Debug|x64.Build.0 = Debug|x64
		{05DFBC0C-AFBC-4ED0-BF43-80D7BB4E8DFD}.Debug|x86.ActiveCfg = Debug|x86
		{05DFBC0C-AFBC-4ED0-BF43-80D7BB4E8DFD}.Debug|x86.Build.0 = Debug|x86
		{05DFBC0C-AFBC-4ED0-BF43-80D7BB4E8DFD}.Release|Any CPU.ActiveCfg = Release|Any CPU
		{05DFBC0C-AFBC-4ED0-BF43-80D7BB4E8DFD}.Release|Any CPU.Build.0 = Release|Any CPU
		{05DFBC0C-AFBC-4ED0-BF43-80D7BB4E8DFD}.Release|x64.ActiveCfg = Release|x64
		{05DFBC0C-AFBC-4ED0-BF43-80D7BB4E8DFD}.Release|x64.Build.0 = Release|x64
		{05DFBC0C-AFBC-4ED0-BF43-80D7BB4E8DFD}.Release|x86.ActiveCfg = Release|x86
		{05DFBC0C-AFBC-4ED0-BF43-80D7BB4E8DFD}.Release|x86.Build.0 = Release|x86
	EndGlobalSection
	GlobalSection(SolutionProperties) = preSolution
		HideSolutionNode = FALSE
	EndGlobalSection
	GlobalSection(ExtensibilityGlobals) = postSolution
		SolutionGuid = {21E8DB77-E402-4D66-998A-5C779444EF83}
	EndGlobalSection
EndGlobal
